// !$*UTF8*$!
{
	archiveVersion = 1;
	classes = {
	};
	objectVersion = 46;
	objects = {

/* Begin PBXBuildFile section */
		A4CE18B819408C4F006F2F75 /* Foundation.framework in Frameworks */ = {isa = PBXBuildFile; fileRef = A4CE18B719408C4F006F2F75 /* Foundation.framework */; };
		A4CE18BA19408C4F006F2F75 /* CoreGraphics.framework in Frameworks */ = {isa = PBXBuildFile; fileRef = A4CE18B919408C4F006F2F75 /* CoreGraphics.framework */; };
		A4CE18BC19408C4F006F2F75 /* UIKit.framework in Frameworks */ = {isa = PBXBuildFile; fileRef = A4CE18BB19408C4F006F2F75 /* UIKit.framework */; };
		A4CE18BE19408C4F006F2F75 /* SpriteKit.framework in Frameworks */ = {isa = PBXBuildFile; fileRef = A4CE18BD19408C4F006F2F75 /* SpriteKit.framework */; };
		A4CE18C419408C50006F2F75 /* InfoPlist.strings in Resources */ = {isa = PBXBuildFile; fileRef = A4CE18C219408C50006F2F75 /* InfoPlist.strings */; };
		A4CE18C619408C50006F2F75 /* main.m in Sources */ = {isa = PBXBuildFile; fileRef = A4CE18C519408C50006F2F75 /* main.m */; };
		A4CE18CA19408C51006F2F75 /* BattleWarsAppDelegate.m in Sources */ = {isa = PBXBuildFile; fileRef = A4CE18C919408C51006F2F75 /* BattleWarsAppDelegate.m */; };
		A4CE18CD19408C51006F2F75 /* Main.storyboard in Resources */ = {isa = PBXBuildFile; fileRef = A4CE18CB19408C51006F2F75 /* Main.storyboard */; };
		A4CE18D019408C51006F2F75 /* BattleWarsViewController.m in Sources */ = {isa = PBXBuildFile; fileRef = A4CE18CF19408C51006F2F75 /* BattleWarsViewController.m */; };
		A4CE18D319408C51006F2F75 /* BattleWarsMyScene.m in Sources */ = {isa = PBXBuildFile; fileRef = A4CE18D219408C51006F2F75 /* BattleWarsMyScene.m */; };
		A4CE18D519408C51006F2F75 /* Spaceship.png in Resources */ = {isa = PBXBuildFile; fileRef = A4CE18D419408C51006F2F75 /* Spaceship.png */; };
		A4CE18D719408C51006F2F75 /* Images.xcassets in Resources */ = {isa = PBXBuildFile; fileRef = A4CE18D619408C51006F2F75 /* Images.xcassets */; };
		A4CE18DE19408C52006F2F75 /* XCTest.framework in Frameworks */ = {isa = PBXBuildFile; fileRef = A4CE18DD19408C52006F2F75 /* XCTest.framework */; };
		A4CE18DF19408C52006F2F75 /* Foundation.framework in Frameworks */ = {isa = PBXBuildFile; fileRef = A4CE18B719408C4F006F2F75 /* Foundation.framework */; };
		A4CE18E019408C52006F2F75 /* UIKit.framework in Frameworks */ = {isa = PBXBuildFile; fileRef = A4CE18BB19408C4F006F2F75 /* UIKit.framework */; };
		A4CE18E819408C52006F2F75 /* InfoPlist.strings in Resources */ = {isa = PBXBuildFile; fileRef = A4CE18E619408C52006F2F75 /* InfoPlist.strings */; };
		A4CE18EA19408C52006F2F75 /* BattleWarsSpriteKitTests.m in Sources */ = {isa = PBXBuildFile; fileRef = A4CE18E919408C52006F2F75 /* BattleWarsSpriteKitTests.m */; };
		A4CE18F619408EA5006F2F75 /* GameOverScene.m in Sources */ = {isa = PBXBuildFile; fileRef = A4CE18F519408EA5006F2F75 /* GameOverScene.m */; };
		A4CE18F919408EC6006F2F75 /* Unit.m in Sources */ = {isa = PBXBuildFile; fileRef = A4CE18F819408EC6006F2F75 /* Unit.m */; };
		A4CE18FC19408ED4006F2F75 /* Army.m in Sources */ = {isa = PBXBuildFile; fileRef = A4CE18FB19408ED4006F2F75 /* Army.m */; };
		A4CE1902194091A2006F2F75 /* background-music-aac.caf in Resources */ = {isa = PBXBuildFile; fileRef = A4CE18FF194091A2006F2F75 /* background-music-aac.caf */; };
		A4CE1903194091A2006F2F75 /* pew-pew-lei.caf in Resources */ = {isa = PBXBuildFile; fileRef = A4CE1900194091A2006F2F75 /* pew-pew-lei.caf */; };
		A4CE1904194091A2006F2F75 /* sprites.atlas in Resources */ = {isa = PBXBuildFile; fileRef = A4CE1901194091A2006F2F75 /* sprites.atlas */; };
		A4CE19181940A362006F2F75 /* archer.png in Resources */ = {isa = PBXBuildFile; fileRef = A4CE19121940A362006F2F75 /* archer.png */; };
		A4CE19191940A362006F2F75 /* archerMonkey.png in Resources */ = {isa = PBXBuildFile; fileRef = A4CE19131940A362006F2F75 /* archerMonkey.png */; };
		A4CE191A1940A362006F2F75 /* barbarian.png in Resources */ = {isa = PBXBuildFile; fileRef = A4CE19141940A362006F2F75 /* barbarian.png */; };
		A4CE191B1940A362006F2F75 /* knight.png in Resources */ = {isa = PBXBuildFile; fileRef = A4CE19151940A362006F2F75 /* knight.png */; };
		A4CE191C1940A362006F2F75 /* mage.png in Resources */ = {isa = PBXBuildFile; fileRef = A4CE19161940A362006F2F75 /* mage.png */; };
		A4CE191D1940A362006F2F75 /* warrior.png in Resources */ = {isa = PBXBuildFile; fileRef = A4CE19171940A362006F2F75 /* warrior.png */; };
		A4CE191F1940A602006F2F75 /* virus.png in Resources */ = {isa = PBXBuildFile; fileRef = A4CE191E1940A602006F2F75 /* virus.png */; };
/* End PBXBuildFile section */

/* Begin PBXContainerItemProxy section */
		A4CE18E119408C52006F2F75 /* PBXContainerItemProxy */ = {
			isa = PBXContainerItemProxy;
			containerPortal = A4CE18AC19408C4F006F2F75 /* Project object */;
			proxyType = 1;
			remoteGlobalIDString = A4CE18B319408C4F006F2F75;
			remoteInfo = BattleWarsSpriteKit;
		};
/* End PBXContainerItemProxy section */

/* Begin PBXFileReference section */
		A4CE18B419408C4F006F2F75 /* BattleWarsSpriteKit.app */ = {isa = PBXFileReference; explicitFileType = wrapper.application; includeInIndex = 0; path = BattleWarsSpriteKit.app; sourceTree = BUILT_PRODUCTS_DIR; };
		A4CE18B719408C4F006F2F75 /* Foundation.framework */ = {isa = PBXFileReference; lastKnownFileType = wrapper.framework; name = Foundation.framework; path = System/Library/Frameworks/Foundation.framework; sourceTree = SDKROOT; };
		A4CE18B919408C4F006F2F75 /* CoreGraphics.framework */ = {isa = PBXFileReference; lastKnownFileType = wrapper.framework; name = CoreGraphics.framework; path = System/Library/Frameworks/CoreGraphics.framework; sourceTree = SDKROOT; };
		A4CE18BB19408C4F006F2F75 /* UIKit.framework */ = {isa = PBXFileReference; lastKnownFileType = wrapper.framework; name = UIKit.framework; path = System/Library/Frameworks/UIKit.framework; sourceTree = SDKROOT; };
		A4CE18BD19408C4F006F2F75 /* SpriteKit.framework */ = {isa = PBXFileReference; lastKnownFileType = wrapper.framework; name = SpriteKit.framework; path = System/Library/Frameworks/SpriteKit.framework; sourceTree = SDKROOT; };
		A4CE18C119408C50006F2F75 /* BattleWarsSpriteKit-Info.plist */ = {isa = PBXFileReference; lastKnownFileType = text.plist.xml; path = "BattleWarsSpriteKit-Info.plist"; sourceTree = "<group>"; };
		A4CE18C319408C50006F2F75 /* en */ = {isa = PBXFileReference; lastKnownFileType = text.plist.strings; name = en; path = en.lproj/InfoPlist.strings; sourceTree = "<group>"; };
		A4CE18C519408C50006F2F75 /* main.m */ = {isa = PBXFileReference; lastKnownFileType = sourcecode.c.objc; path = main.m; sourceTree = "<group>"; };
		A4CE18C719408C50006F2F75 /* BattleWarsSpriteKit-Prefix.pch */ = {isa = PBXFileReference; lastKnownFileType = sourcecode.c.h; path = "BattleWarsSpriteKit-Prefix.pch"; sourceTree = "<group>"; };
		A4CE18C819408C51006F2F75 /* BattleWarsAppDelegate.h */ = {isa = PBXFileReference; lastKnownFileType = sourcecode.c.h; path = BattleWarsAppDelegate.h; sourceTree = "<group>"; };
		A4CE18C919408C51006F2F75 /* BattleWarsAppDelegate.m */ = {isa = PBXFileReference; lastKnownFileType = sourcecode.c.objc; path = BattleWarsAppDelegate.m; sourceTree = "<group>"; };
		A4CE18CC19408C51006F2F75 /* Base */ = {isa = PBXFileReference; lastKnownFileType = file.storyboard; name = Base; path = Base.lproj/Main.storyboard; sourceTree = "<group>"; };
		A4CE18CE19408C51006F2F75 /* BattleWarsViewController.h */ = {isa = PBXFileReference; lastKnownFileType = sourcecode.c.h; path = BattleWarsViewController.h; sourceTree = "<group>"; };
		A4CE18CF19408C51006F2F75 /* BattleWarsViewController.m */ = {isa = PBXFileReference; lastKnownFileType = sourcecode.c.objc; path = BattleWarsViewController.m; sourceTree = "<group>"; };
		A4CE18D119408C51006F2F75 /* BattleWarsMyScene.h */ = {isa = PBXFileReference; lastKnownFileType = sourcecode.c.h; path = BattleWarsMyScene.h; sourceTree = "<group>"; };
		A4CE18D219408C51006F2F75 /* BattleWarsMyScene.m */ = {isa = PBXFileReference; lastKnownFileType = sourcecode.c.objc; path = BattleWarsMyScene.m; sourceTree = "<group>"; };
		A4CE18D419408C51006F2F75 /* Spaceship.png */ = {isa = PBXFileReference; lastKnownFileType = image.png; path = Spaceship.png; sourceTree = "<group>"; };
		A4CE18D619408C51006F2F75 /* Images.xcassets */ = {isa = PBXFileReference; lastKnownFileType = folder.assetcatalog; path = Images.xcassets; sourceTree = "<group>"; };
		A4CE18DC19408C52006F2F75 /* BattleWarsSpriteKitTests.xctest */ = {isa = PBXFileReference; explicitFileType = wrapper.cfbundle; includeInIndex = 0; path = BattleWarsSpriteKitTests.xctest; sourceTree = BUILT_PRODUCTS_DIR; };
		A4CE18DD19408C52006F2F75 /* XCTest.framework */ = {isa = PBXFileReference; lastKnownFileType = wrapper.framework; name = XCTest.framework; path = Library/Frameworks/XCTest.framework; sourceTree = DEVELOPER_DIR; };
		A4CE18E519408C52006F2F75 /* BattleWarsSpriteKitTests-Info.plist */ = {isa = PBXFileReference; lastKnownFileType = text.plist.xml; path = "BattleWarsSpriteKitTests-Info.plist"; sourceTree = "<group>"; };
		A4CE18E719408C52006F2F75 /* en */ = {isa = PBXFileReference; lastKnownFileType = text.plist.strings; name = en; path = en.lproj/InfoPlist.strings; sourceTree = "<group>"; };
		A4CE18E919408C52006F2F75 /* BattleWarsSpriteKitTests.m */ = {isa = PBXFileReference; lastKnownFileType = sourcecode.c.objc; name = BattleWarsSpriteKitTests.m; path = BattleWarsSpriteKitTests/BattleWarsSpriteKitTests.m; sourceTree = SOURCE_ROOT; };
		A4CE18F419408EA5006F2F75 /* GameOverScene.h */ = {isa = PBXFileReference; fileEncoding = 4; lastKnownFileType = sourcecode.c.h; path = GameOverScene.h; sourceTree = "<group>"; };
		A4CE18F519408EA5006F2F75 /* GameOverScene.m */ = {isa = PBXFileReference; fileEncoding = 4; lastKnownFileType = sourcecode.c.objc; path = GameOverScene.m; sourceTree = "<group>"; };
		A4CE18F719408EC6006F2F75 /* Unit.h */ = {isa = PBXFileReference; fileEncoding = 4; lastKnownFileType = sourcecode.c.h; path = Unit.h; sourceTree = "<group>"; };
		A4CE18F819408EC6006F2F75 /* Unit.m */ = {isa = PBXFileReference; fileEncoding = 4; lastKnownFileType = sourcecode.c.objc; path = Unit.m; sourceTree = "<group>"; };
		A4CE18FA19408ED4006F2F75 /* Army.h */ = {isa = PBXFileReference; fileEncoding = 4; lastKnownFileType = sourcecode.c.h; path = Army.h; sourceTree = "<group>"; };
		A4CE18FB19408ED4006F2F75 /* Army.m */ = {isa = PBXFileReference; fileEncoding = 4; lastKnownFileType = sourcecode.c.objc; path = Army.m; sourceTree = "<group>"; };
		A4CE18FF194091A2006F2F75 /* background-music-aac.caf */ = {isa = PBXFileReference; lastKnownFileType = file; path = "background-music-aac.caf"; sourceTree = "<group>"; };
		A4CE1900194091A2006F2F75 /* pew-pew-lei.caf */ = {isa = PBXFileReference; lastKnownFileType = file; path = "pew-pew-lei.caf"; sourceTree = "<group>"; };
		A4CE1901194091A2006F2F75 /* sprites.atlas */ = {isa = PBXFileReference; lastKnownFileType = folder.skatlas; path = sprites.atlas; sourceTree = "<group>"; };
		A4CE19121940A362006F2F75 /* archer.png */ = {isa = PBXFileReference; lastKnownFileType = image.png; name = archer.png; path = Images/archer.png; sourceTree = "<group>"; };
		A4CE19131940A362006F2F75 /* archerMonkey.png */ = {isa = PBXFileReference; lastKnownFileType = image.png; name = archerMonkey.png; path = Images/archerMonkey.png; sourceTree = "<group>"; };
		A4CE19141940A362006F2F75 /* barbarian.png */ = {isa = PBXFileReference; lastKnownFileType = image.png; name = barbarian.png; path = Images/barbarian.png; sourceTree = "<group>"; };
		A4CE19151940A362006F2F75 /* knight.png */ = {isa = PBXFileReference; lastKnownFileType = image.png; name = knight.png; path = Images/knight.png; sourceTree = "<group>"; };
		A4CE19161940A362006F2F75 /* mage.png */ = {isa = PBXFileReference; lastKnownFileType = image.png; name = mage.png; path = Images/mage.png; sourceTree = "<group>"; };
		A4CE19171940A362006F2F75 /* warrior.png */ = {isa = PBXFileReference; lastKnownFileType = image.png; name = warrior.png; path = Images/warrior.png; sourceTree = "<group>"; };
		A4CE191E1940A602006F2F75 /* virus.png */ = {isa = PBXFileReference; lastKnownFileType = image.png; name = virus.png; path = Images/virus.png; sourceTree = "<group>"; };
/* End PBXFileReference section */

/* Begin PBXFrameworksBuildPhase section */
		A4CE18B119408C4F006F2F75 /* Frameworks */ = {
			isa = PBXFrameworksBuildPhase;
			buildActionMask = 2147483647;
			files = (
				A4CE18BA19408C4F006F2F75 /* CoreGraphics.framework in Frameworks */,
				A4CE18BC19408C4F006F2F75 /* UIKit.framework in Frameworks */,
				A4CE18BE19408C4F006F2F75 /* SpriteKit.framework in Frameworks */,
				A4CE18B819408C4F006F2F75 /* Foundation.framework in Frameworks */,
			);
			runOnlyForDeploymentPostprocessing = 0;
		};
		A4CE18D919408C52006F2F75 /* Frameworks */ = {
			isa = PBXFrameworksBuildPhase;
			buildActionMask = 2147483647;
			files = (
				A4CE18DE19408C52006F2F75 /* XCTest.framework in Frameworks */,
				A4CE18E019408C52006F2F75 /* UIKit.framework in Frameworks */,
				A4CE18DF19408C52006F2F75 /* Foundation.framework in Frameworks */,
			);
			runOnlyForDeploymentPostprocessing = 0;
		};
/* End PBXFrameworksBuildPhase section */

/* Begin PBXGroup section */
		A4CE18AB19408C4F006F2F75 = {
			isa = PBXGroup;
			children = (
				A4CE190519409776006F2F75 /* Images */,
				A4CE18FD194091A2006F2F75 /* SpriteKitSimpleGameResources */,
				A4CE18CB19408C51006F2F75 /* Main.storyboard */,
				A4CE18F319408E6A006F2F75 /* Model */,
				A4CE18BF19408C4F006F2F75 /* BattleWarsSpriteKit */,
			);
			sourceTree = "<group>";
		};
		A4CE18B519408C4F006F2F75 /* Products */ = {
			isa = PBXGroup;
			children = (
				A4CE18B419408C4F006F2F75 /* BattleWarsSpriteKit.app */,
				A4CE18DC19408C52006F2F75 /* BattleWarsSpriteKitTests.xctest */,
			);
			name = Products;
			path = ..;
			sourceTree = "<group>";
		};
		A4CE18B619408C4F006F2F75 /* Frameworks */ = {
			isa = PBXGroup;
			children = (
				A4CE18B719408C4F006F2F75 /* Foundation.framework */,
				A4CE18B919408C4F006F2F75 /* CoreGraphics.framework */,
				A4CE18BB19408C4F006F2F75 /* UIKit.framework */,
				A4CE18BD19408C4F006F2F75 /* SpriteKit.framework */,
				A4CE18DD19408C52006F2F75 /* XCTest.framework */,
			);
			name = Frameworks;
			path = ..;
			sourceTree = "<group>";
		};
		A4CE18BF19408C4F006F2F75 /* BattleWarsSpriteKit */ = {
			isa = PBXGroup;
			children = (
				A4CE18CE19408C51006F2F75 /* BattleWarsViewController.h */,
				A4CE18CF19408C51006F2F75 /* BattleWarsViewController.m */,
				A4CE18D119408C51006F2F75 /* BattleWarsMyScene.h */,
				A4CE18D219408C51006F2F75 /* BattleWarsMyScene.m */,
				A4CE18F419408EA5006F2F75 /* GameOverScene.h */,
				A4CE18F519408EA5006F2F75 /* GameOverScene.m */,
				A4CE18D419408C51006F2F75 /* Spaceship.png */,
				A4CE18C019408C50006F2F75 /* Supporting Files */,
			);
			path = BattleWarsSpriteKit;
			sourceTree = "<group>";
		};
		A4CE18C019408C50006F2F75 /* Supporting Files */ = {
			isa = PBXGroup;
			children = (
				A4CE18C819408C51006F2F75 /* BattleWarsAppDelegate.h */,
				A4CE18C919408C51006F2F75 /* BattleWarsAppDelegate.m */,
				A4CE18D619408C51006F2F75 /* Images.xcassets */,
				A4CE18E319408C52006F2F75 /* BattleWarsSpriteKitTests */,
				A4CE18E919408C52006F2F75 /* BattleWarsSpriteKitTests.m */,
				A4CE18E419408C52006F2F75 /* Supporting Files */,
				A4CE18B619408C4F006F2F75 /* Frameworks */,
				A4CE18B519408C4F006F2F75 /* Products */,
				A4CE18C119408C50006F2F75 /* BattleWarsSpriteKit-Info.plist */,
				A4CE18C219408C50006F2F75 /* InfoPlist.strings */,
				A4CE18C519408C50006F2F75 /* main.m */,
				A4CE18C719408C50006F2F75 /* BattleWarsSpriteKit-Prefix.pch */,
			);
			name = "Supporting Files";
			sourceTree = "<group>";
		};
		A4CE18E319408C52006F2F75 /* BattleWarsSpriteKitTests */ = {
			isa = PBXGroup;
			children = (
			);
			path = BattleWarsSpriteKitTests;
			sourceTree = SOURCE_ROOT;
		};
		A4CE18E419408C52006F2F75 /* Supporting Files */ = {
			isa = PBXGroup;
			children = (
				A4CE18E519408C52006F2F75 /* BattleWarsSpriteKitTests-Info.plist */,
				A4CE18E619408C52006F2F75 /* InfoPlist.strings */,
			);
			name = "Supporting Files";
			path = BattleWarsSpriteKitTests;
			sourceTree = SOURCE_ROOT;
		};
		A4CE18F319408E6A006F2F75 /* Model */ = {
			isa = PBXGroup;
			children = (
				A4CE18F719408EC6006F2F75 /* Unit.h */,
				A4CE18F819408EC6006F2F75 /* Unit.m */,
				A4CE18FA19408ED4006F2F75 /* Army.h */,
				A4CE18FB19408ED4006F2F75 /* Army.m */,
			);
			name = Model;
			sourceTree = "<group>";
		};
		A4CE18FD194091A2006F2F75 /* SpriteKitSimpleGameResources */ = {
			isa = PBXGroup;
			children = (
				A4CE18FE194091A2006F2F75 /* Sounds */,
				A4CE1901194091A2006F2F75 /* sprites.atlas */,
			);
			path = SpriteKitSimpleGameResources;
			sourceTree = "<group>";
		};
		A4CE18FE194091A2006F2F75 /* Sounds */ = {
			isa = PBXGroup;
			children = (
				A4CE18FF194091A2006F2F75 /* background-music-aac.caf */,
				A4CE1900194091A2006F2F75 /* pew-pew-lei.caf */,
			);
			path = Sounds;
			sourceTree = "<group>";
		};
		A4CE190519409776006F2F75 /* Images */ = {
			isa = PBXGroup;
			children = (
				A4CE191E1940A602006F2F75 /* virus.png */,
				A4CE19121940A362006F2F75 /* archer.png */,
				A4CE19131940A362006F2F75 /* archerMonkey.png */,
				A4CE19141940A362006F2F75 /* barbarian.png */,
				A4CE19151940A362006F2F75 /* knight.png */,
				A4CE19161940A362006F2F75 /* mage.png */,
				A4CE19171940A362006F2F75 /* warrior.png */,
			);
			name = Images;
			sourceTree = "<group>";
		};
/* End PBXGroup section */

/* Begin PBXNativeTarget section */
		A4CE18B319408C4F006F2F75 /* BattleWarsSpriteKit */ = {
			isa = PBXNativeTarget;
			buildConfigurationList = A4CE18ED19408C52006F2F75 /* Build configuration list for PBXNativeTarget "BattleWarsSpriteKit" */;
			buildPhases = (
				A4CE18B019408C4F006F2F75 /* Sources */,
				A4CE18B119408C4F006F2F75 /* Frameworks */,
				A4CE18B219408C4F006F2F75 /* Resources */,
			);
			buildRules = (
			);
			dependencies = (
			);
			name = BattleWarsSpriteKit;
			productName = BattleWarsSpriteKit;
			productReference = A4CE18B419408C4F006F2F75 /* BattleWarsSpriteKit.app */;
			productType = "com.apple.product-type.application";
		};
		A4CE18DB19408C52006F2F75 /* BattleWarsSpriteKitTests */ = {
			isa = PBXNativeTarget;
			buildConfigurationList = A4CE18F019408C52006F2F75 /* Build configuration list for PBXNativeTarget "BattleWarsSpriteKitTests" */;
			buildPhases = (
				A4CE18D819408C52006F2F75 /* Sources */,
				A4CE18D919408C52006F2F75 /* Frameworks */,
				A4CE18DA19408C52006F2F75 /* Resources */,
			);
			buildRules = (
			);
			dependencies = (
				A4CE18E219408C52006F2F75 /* PBXTargetDependency */,
			);
			name = BattleWarsSpriteKitTests;
			productName = BattleWarsSpriteKitTests;
			productReference = A4CE18DC19408C52006F2F75 /* BattleWarsSpriteKitTests.xctest */;
			productType = "com.apple.product-type.bundle.unit-test";
		};
/* End PBXNativeTarget section */

/* Begin PBXProject section */
		A4CE18AC19408C4F006F2F75 /* Project object */ = {
			isa = PBXProject;
			attributes = {
				CLASSPREFIX = BattleWars;
				LastUpgradeCheck = 0510;
				ORGANIZATIONNAME = "Felix King";
				TargetAttributes = {
					A4CE18DB19408C52006F2F75 = {
						TestTargetID = A4CE18B319408C4F006F2F75;
					};
				};
			};
			buildConfigurationList = A4CE18AF19408C4F006F2F75 /* Build configuration list for PBXProject "BattleWarsSpriteKit" */;
			compatibilityVersion = "Xcode 3.2";
			developmentRegion = English;
			hasScannedForEncodings = 0;
			knownRegions = (
				en,
				Base,
			);
			mainGroup = A4CE18AB19408C4F006F2F75;
			productRefGroup = A4CE18B519408C4F006F2F75 /* Products */;
			projectDirPath = "";
			projectRoot = "";
			targets = (
				A4CE18B319408C4F006F2F75 /* BattleWarsSpriteKit */,
				A4CE18DB19408C52006F2F75 /* BattleWarsSpriteKitTests */,
			);
		};
/* End PBXProject section */

/* Begin PBXResourcesBuildPhase section */
		A4CE18B219408C4F006F2F75 /* Resources */ = {
			isa = PBXResourcesBuildPhase;
			buildActionMask = 2147483647;
			files = (
				A4CE191D1940A362006F2F75 /* warrior.png in Resources */,
				A4CE191A1940A362006F2F75 /* barbarian.png in Resources */,
				A4CE191B1940A362006F2F75 /* knight.png in Resources */,
				A4CE1904194091A2006F2F75 /* sprites.atlas in Resources */,
				A4CE1902194091A2006F2F75 /* background-music-aac.caf in Resources */,
				A4CE19181940A362006F2F75 /* archer.png in Resources */,
				A4CE191C1940A362006F2F75 /* mage.png in Resources */,
				A4CE19191940A362006F2F75 /* archerMonkey.png in Resources */,
				A4CE18C419408C50006F2F75 /* InfoPlist.strings in Resources */,
				A4CE191F1940A602006F2F75 /* virus.png in Resources */,
				A4CE18D719408C51006F2F75 /* Images.xcassets in Resources */,
				A4CE18D519408C51006F2F75 /* Spaceship.png in Resources */,
				A4CE18CD19408C51006F2F75 /* Main.storyboard in Resources */,
				A4CE1903194091A2006F2F75 /* pew-pew-lei.caf in Resources */,
			);
			runOnlyForDeploymentPostprocessing = 0;
		};
		A4CE18DA19408C52006F2F75 /* Resources */ = {
			isa = PBXResourcesBuildPhase;
			buildActionMask = 2147483647;
			files = (
				A4CE18E819408C52006F2F75 /* InfoPlist.strings in Resources */,
			);
			runOnlyForDeploymentPostprocessing = 0;
		};
/* End PBXResourcesBuildPhase section */

/* Begin PBXSourcesBuildPhase section */
		A4CE18B019408C4F006F2F75 /* Sources */ = {
			isa = PBXSourcesBuildPhase;
			buildActionMask = 2147483647;
			files = (
				A4CE18F619408EA5006F2F75 /* GameOverScene.m in Sources */,
				A4CE18FC19408ED4006F2F75 /* Army.m in Sources */,
				A4CE18C619408C50006F2F75 /* main.m in Sources */,
				A4CE18D019408C51006F2F75 /* BattleWarsViewController.m in Sources */,
				A4CE18F919408EC6006F2F75 /* Unit.m in Sources */,
				A4CE18CA19408C51006F2F75 /* BattleWarsAppDelegate.m in Sources */,
				A4CE18D319408C51006F2F75 /* BattleWarsMyScene.m in Sources */,
			);
			runOnlyForDeploymentPostprocessing = 0;
		};
		A4CE18D819408C52006F2F75 /* Sources */ = {
			isa = PBXSourcesBuildPhase;
			buildActionMask = 2147483647;
			files = (
				A4CE18EA19408C52006F2F75 /* BattleWarsSpriteKitTests.m in Sources */,
			);
			runOnlyForDeploymentPostprocessing = 0;
		};
/* End PBXSourcesBuildPhase section */

/* Begin PBXTargetDependency section */
		A4CE18E219408C52006F2F75 /* PBXTargetDependency */ = {
			isa = PBXTargetDependency;
			target = A4CE18B319408C4F006F2F75 /* BattleWarsSpriteKit */;
			targetProxy = A4CE18E119408C52006F2F75 /* PBXContainerItemProxy */;
		};
/* End PBXTargetDependency section */

/* Begin PBXVariantGroup section */
		A4CE18C219408C50006F2F75 /* InfoPlist.strings */ = {
			isa = PBXVariantGroup;
			children = (
				A4CE18C319408C50006F2F75 /* en */,
			);
			name = InfoPlist.strings;
			sourceTree = "<group>";
		};
		A4CE18CB19408C51006F2F75 /* Main.storyboard */ = {
			isa = PBXVariantGroup;
			children = (
				A4CE18CC19408C51006F2F75 /* Base */,
			);
			name = Main.storyboard;
			path = BattleWarsSpriteKit;
			sourceTree = "<group>";
		};
		A4CE18E619408C52006F2F75 /* InfoPlist.strings */ = {
			isa = PBXVariantGroup;
			children = (
				A4CE18E719408C52006F2F75 /* en */,
			);
			name = InfoPlist.strings;
			sourceTree = "<group>";
		};
/* End PBXVariantGroup section */

/* Begin XCBuildConfiguration section */
		A4CE18EB19408C52006F2F75 /* Debug */ = {
			isa = XCBuildConfiguration;
			buildSettings = {
				ALWAYS_SEARCH_USER_PATHS = NO;
				CLANG_CXX_LANGUAGE_STANDARD = "gnu++0x";
				CLANG_CXX_LIBRARY = "libc++";
				CLANG_ENABLE_MODULES = YES;
				CLANG_ENABLE_OBJC_ARC = YES;
				CLANG_WARN_BOOL_CONVERSION = YES;
				CLANG_WARN_CONSTANT_CONVERSION = YES;
				CLANG_WARN_DIRECT_OBJC_ISA_USAGE = YES_ERROR;
				CLANG_WARN_EMPTY_BODY = YES;
				CLANG_WARN_ENUM_CONVERSION = YES;
				CLANG_WARN_INT_CONVERSION = YES;
				CLANG_WARN_OBJC_ROOT_CLASS = YES_ERROR;
				CLANG_WARN__DUPLICATE_METHOD_MATCH = YES;
				"CODE_SIGN_IDENTITY[sdk=iphoneos*]" = "iPhone Developer";
				COPY_PHASE_STRIP = NO;
				GCC_C_LANGUAGE_STANDARD = gnu99;
				GCC_DYNAMIC_NO_PIC = NO;
				GCC_OPTIMIZATION_LEVEL = 0;
				GCC_PREPROCESSOR_DEFINITIONS = (
					"DEBUG=1",
					"$(inherited)",
				);
				GCC_SYMBOLS_PRIVATE_EXTERN = NO;
				GCC_WARN_64_TO_32_BIT_CONVERSION = YES;
				GCC_WARN_ABOUT_RETURN_TYPE = YES_ERROR;
				GCC_WARN_UNDECLARED_SELECTOR = YES;
				GCC_WARN_UNINITIALIZED_AUTOS = YES_AGGRESSIVE;
				GCC_WARN_UNUSED_FUNCTION = YES;
				GCC_WARN_UNUSED_VARIABLE = YES;
				IPHONEOS_DEPLOYMENT_TARGET = 7.1;
				ONLY_ACTIVE_ARCH = YES;
				SDKROOT = iphoneos;
			};
			name = Debug;
		};
		A4CE18EC19408C52006F2F75 /* Release */ = {
			isa = XCBuildConfiguration;
			buildSettings = {
				ALWAYS_SEARCH_USER_PATHS = NO;
				CLANG_CXX_LANGUAGE_STANDARD = "gnu++0x";
				CLANG_CXX_LIBRARY = "libc++";
				CLANG_ENABLE_MODULES = YES;
				CLANG_ENABLE_OBJC_ARC = YES;
				CLANG_WARN_BOOL_CONVERSION = YES;
				CLANG_WARN_CONSTANT_CONVERSION = YES;
				CLANG_WARN_DIRECT_OBJC_ISA_USAGE = YES_ERROR;
				CLANG_WARN_EMPTY_BODY = YES;
				CLANG_WARN_ENUM_CONVERSION = YES;
				CLANG_WARN_INT_CONVERSION = YES;
				CLANG_WARN_OBJC_ROOT_CLASS = YES_ERROR;
				CLANG_WARN__DUPLICATE_METHOD_MATCH = YES;
				"CODE_SIGN_IDENTITY[sdk=iphoneos*]" = "iPhone Developer";
				COPY_PHASE_STRIP = YES;
				ENABLE_NS_ASSERTIONS = NO;
				GCC_C_LANGUAGE_STANDARD = gnu99;
				GCC_WARN_64_TO_32_BIT_CONVERSION = YES;
				GCC_WARN_ABOUT_RETURN_TYPE = YES_ERROR;
				GCC_WARN_UNDECLARED_SELECTOR = YES;
				GCC_WARN_UNINITIALIZED_AUTOS = YES_AGGRESSIVE;
				GCC_WARN_UNUSED_FUNCTION = YES;
				GCC_WARN_UNUSED_VARIABLE = YES;
				IPHONEOS_DEPLOYMENT_TARGET = 7.1;
				SDKROOT = iphoneos;
				VALIDATE_PRODUCT = YES;
			};
			name = Release;
		};
		A4CE18EE19408C52006F2F75 /* Debug */ = {
			isa = XCBuildConfiguration;
			buildSettings = {
				ASSETCATALOG_COMPILER_APPICON_NAME = AppIcon;
				ASSETCATALOG_COMPILER_LAUNCHIMAGE_NAME = LaunchImage;
				GCC_PRECOMPILE_PREFIX_HEADER = YES;
				GCC_PREFIX_HEADER = "BattleWarsSpriteKit/BattleWarsSpriteKit-Prefix.pch";
				INFOPLIST_FILE = "BattleWarsSpriteKit/BattleWarsSpriteKit-Info.plist";
				IPHONEOS_DEPLOYMENT_TARGET = 7.0;
				PRODUCT_NAME = "$(TARGET_NAME)";
				SPRITEKIT_TEXTURE_ATLAS_OUTPUT = YES;
				WRAPPER_EXTENSION = app;
			};
			name = Debug;
		};
		A4CE18EF19408C52006F2F75 /* Release */ = {
			isa = XCBuildConfiguration;
			buildSettings = {
				ASSETCATALOG_COMPILER_APPICON_NAME = AppIcon;
				ASSETCATALOG_COMPILER_LAUNCHIMAGE_NAME = LaunchImage;
				GCC_PRECOMPILE_PREFIX_HEADER = YES;
				GCC_PREFIX_HEADER = "BattleWarsSpriteKit/BattleWarsSpriteKit-Prefix.pch";
				INFOPLIST_FILE = "BattleWarsSpriteKit/BattleWarsSpriteKit-Info.plist";
				IPHONEOS_DEPLOYMENT_TARGET = 7.0;
				PRODUCT_NAME = "$(TARGET_NAME)";
				SPRITEKIT_TEXTURE_ATLAS_OUTPUT = YES;
				WRAPPER_EXTENSION = app;
			};
			name = Release;
		};
		A4CE18F119408C52006F2F75 /* Debug */ = {
			isa = XCBuildConfiguration;
			buildSettings = {
				BUNDLE_LOADER = "$(BUILT_PRODUCTS_DIR)/BattleWarsSpriteKit.app/BattleWarsSpriteKit";
				FRAMEWORK_SEARCH_PATHS = (
					"$(SDKROOT)/Developer/Library/Frameworks",
					"$(inherited)",
					"$(DEVELOPER_FRAMEWORKS_DIR)",
				);
				GCC_PRECOMPILE_PREFIX_HEADER = YES;
				GCC_PREFIX_HEADER = "BattleWarsSpriteKit/BattleWarsSpriteKit-Prefix.pch";
				GCC_PREPROCESSOR_DEFINITIONS = (
					"DEBUG=1",
					"$(inherited)",
				);
				INFOPLIST_FILE = "BattleWarsSpriteKitTests/BattleWarsSpriteKitTests-Info.plist";
				PRODUCT_NAME = "$(TARGET_NAME)";
				TEST_HOST = "$(BUNDLE_LOADER)";
				WRAPPER_EXTENSION = xctest;
			};
			name = Debug;
		};
		A4CE18F219408C52006F2F75 /* Release */ = {
			isa = XCBuildConfiguration;
			buildSettings = {
				BUNDLE_LOADER = "$(BUILT_PRODUCTS_DIR)/BattleWarsSpriteKit.app/BattleWarsSpriteKit";
				FRAMEWORK_SEARCH_PATHS = (
					"$(SDKROOT)/Developer/Library/Frameworks",
					"$(inherited)",
					"$(DEVELOPER_FRAMEWORKS_DIR)",
				);
				GCC_PRECOMPILE_PREFIX_HEADER = YES;
				GCC_PREFIX_HEADER = "BattleWarsSpriteKit/BattleWarsSpriteKit-Prefix.pch";
				INFOPLIST_FILE = "BattleWarsSpriteKitTests/BattleWarsSpriteKitTests-Info.plist";
				PRODUCT_NAME = "$(TARGET_NAME)";
				TEST_HOST = "$(BUNDLE_LOADER)";
				WRAPPER_EXTENSION = xctest;
			};
			name = Release;
		};
/* End XCBuildConfiguration section */

/* Begin XCConfigurationList section */
		A4CE18AF19408C4F006F2F75 /* Build configuration list for PBXProject "BattleWarsSpriteKit" */ = {
			isa = XCConfigurationList;
			buildConfigurations = (
				A4CE18EB19408C52006F2F75 /* Debug */,
				A4CE18EC19408C52006F2F75 /* Release */,
			);
			defaultConfigurationIsVisible = 0;
			defaultConfigurationName = Release;
		};
		A4CE18ED19408C52006F2F75 /* Build configuration list for PBXNativeTarget "BattleWarsSpriteKit" */ = {
			isa = XCConfigurationList;
			buildConfigurations = (
				A4CE18EE19408C52006F2F75 /* Debug */,
				A4CE18EF19408C52006F2F75 /* Release */,
			);
			defaultConfigurationIsVisible = 0;
		};
		A4CE18F019408C52006F2F75 /* Build configuration list for PBXNativeTarget "BattleWarsSpriteKitTests" */ = {
			isa = XCConfigurationList;
			buildConfigurations = (
				A4CE18F119408C52006F2F75 /* Debug */,
				A4CE18F219408C52006F2F75 /* Release */,
			);
			defaultConfigurationIsVisible = 0;
		};
/* End XCConfigurationList section */
	};
	rootObject = A4CE18AC19408C4F006F2F75 /* Project object */;
}
